
Microsoft Visual Studio Solution File, Format Version 12.00
# Visual Studio Version 16
VisualStudioVersion = 16.0.30413.136
MinimumVisualStudioVersion = 10.0.40219.1
Project("{FAE04EC0-301F-11D3-BF4B-00C04F79EFBC}") = "review", "review\review.csproj", "{B6E603D5-7161-43B4-B180-09C47D8A86A8}"
EndProject
Global
	GlobalSection(SolutionConfigurationPlatforms) = preSolution
		Debug|Any CPU = Debug|Any CPU
		Release|Any CPU = Release|Any CPU
	EndGlobalSection
	GlobalSection(ProjectConfigurationPlatforms) = postSolution
		{B6E603D5-7161-43B4-B180-09C47D8A86A8}.Debug|Any CPU.ActiveCfg = Debug|Any CPU
		{B6E603D5-7161-43B4-B180-09C47D8A86A8}.Debug|Any CPU.Build.0 = Debug|Any CPU
		{B6E603D5-7161-43B4-B180-09C47D8A86A8}.Release|Any CPU.ActiveCfg = Release|Any CPU
		{B6E603D5-7161-43B4-B180-09C47D8A86A8}.Release|Any CPU.Build.0 = Release|Any CPU
	EndGlobalSection
	GlobalSection(SolutionProperties) = preSolution
		HideSolutionNode = FALSE
	EndGlobalSection
	GlobalSection(ExtensibilityGlobals) = postSolution
		SolutionGuid = {EC5612D2-2E92-4D84-8356-3C1079329869}
	EndGlobalSection
EndGlobal
